{
  "originHash" : "1430bc8b7a912548188304916d752e0abf8ed960b9c80a17ecb4a9575d60ae1b",
  "pins" : [
    {
      "identity" : "mpvkit",
      "kind" : "remoteSourceControl",
      "location" : "https://github.com/cxfksword/MPVKit.git",
      "state" : {
        "revision" : "645f430ff0b99ccc2c61062727ad7e8bf32ca72a",
        "version" : "0.37.0"
      }
    }
  ],
  "version" : 3
}
