{
  "originHash" : "075a7e3abf7e92475b8d6ec5d6ac19a4f2634920454a10acd650b671e336a370",
  "pins" : [
    {
      "identity" : "mpvkit",
      "kind" : "remoteSourceControl",
      "location" : "https://github.com/endeny/MPVKit",
      "state" : {
        "revision" : "46172a334bd5ec9bd53c03ecee4cc2609d5e5b12",
        "version" : "0.37.2"
      }
    }
  ],
  "version" : 3
}
